
Microsoft Visual Studio Solution File, Format Version 9.00
# Visual Studio 2005
Project("{FAE04EC0-301F-11D3-BF4B-00C04F79EFBC}") = "Vista Controls", "Vista Controls.csproj", "{454690D0-5B5E-49D4-B69C-996440435C88}"
EndProject
Global
	GlobalSection(TeamFoundationVersionControl) = preSolution
		SccNumberOfProjects = 2
		SccEnterpriseProvider = {4CA58AB2-18FA-4F8D-95D4-32DDF27D184C}
		SccTeamFoundationServer = https://tfs02.codeplex.com/
		SccLocalPath0 = .
		SccProjectUniqueName1 = Vista\u0020Controls.csproj
		SccLocalPath1 = .
	EndGlobalSection
	GlobalSection(SolutionConfigurationPlatforms) = preSolution
		Debug|Any CPU = Debug|Any CPU
		Release|Any CPU = Release|Any CPU
	EndGlobalSection
	GlobalSection(ProjectConfigurationPlatforms) = postSolution
		{454690D0-5B5E-49D4-B69C-996440435C88}.Debug|Any CPU.ActiveCfg = Debug|Any CPU
		{454690D0-5B5E-49D4-B69C-996440435C88}.Debug|Any CPU.Build.0 = Debug|Any CPU
		{454690D0-5B5E-49D4-B69C-996440435C88}.Release|Any CPU.ActiveCfg = Release|Any CPU
		{454690D0-5B5E-49D4-B69C-996440435C88}.Release|Any CPU.Build.0 = Release|Any CPU
	EndGlobalSection
	GlobalSection(SolutionProperties) = preSolution
		HideSolutionNode = FALSE
	EndGlobalSection
EndGlobal
