
Microsoft Visual Studio Solution File, Format Version 12.00
# Visual Studio 14
VisualStudioVersion = 14.0.24720.0
MinimumVisualStudioVersion = 10.0.40219.1
Project("{FAE04EC0-301F-11D3-BF4B-00C04F79EFBC}") = "WindowsFormsAero", "WindowsFormsAero\WindowsFormsAero.csproj", "{844F1DE5-17EA-4E69-A7C5-B803AD3BD5D9}"
EndProject
Project("{FAE04EC0-301F-11D3-BF4B-00C04F79EFBC}") = "WindowsFormsAeroShowcase", "WindowsFormsAeroShowcase\WindowsFormsAeroShowcase.csproj", "{FC842DD0-6736-46A5-8D00-28CAFD33312F}"
EndProject
Global
	GlobalSection(SolutionConfigurationPlatforms) = preSolution
		Debug|Any CPU = Debug|Any CPU
		Debug|x86 = Debug|x86
		Release|Any CPU = Release|Any CPU
		Release|x86 = Release|x86
	EndGlobalSection
	GlobalSection(ProjectConfigurationPlatforms) = postSolution
		{844F1DE5-17EA-4E69-A7C5-B803AD3BD5D9}.Debug|Any CPU.ActiveCfg = Debug|Any CPU
		{844F1DE5-17EA-4E69-A7C5-B803AD3BD5D9}.Debug|Any CPU.Build.0 = Debug|Any CPU
		{844F1DE5-17EA-4E69-A7C5-B803AD3BD5D9}.Debug|x86.ActiveCfg = Debug|Any CPU
		{844F1DE5-17EA-4E69-A7C5-B803AD3BD5D9}.Debug|x86.Build.0 = Debug|Any CPU
		{844F1DE5-17EA-4E69-A7C5-B803AD3BD5D9}.Release|Any CPU.ActiveCfg = Release|Any CPU
		{844F1DE5-17EA-4E69-A7C5-B803AD3BD5D9}.Release|Any CPU.Build.0 = Release|Any CPU
		{844F1DE5-17EA-4E69-A7C5-B803AD3BD5D9}.Release|x86.ActiveCfg = Release|Any CPU
		{844F1DE5-17EA-4E69-A7C5-B803AD3BD5D9}.Release|x86.Build.0 = Release|Any CPU
		{FC842DD0-6736-46A5-8D00-28CAFD33312F}.Debug|Any CPU.ActiveCfg = Debug|Any CPU
		{FC842DD0-6736-46A5-8D00-28CAFD33312F}.Debug|Any CPU.Build.0 = Debug|Any CPU
		{FC842DD0-6736-46A5-8D00-28CAFD33312F}.Debug|x86.ActiveCfg = Debug|x86
		{FC842DD0-6736-46A5-8D00-28CAFD33312F}.Debug|x86.Build.0 = Debug|x86
		{FC842DD0-6736-46A5-8D00-28CAFD33312F}.Release|Any CPU.ActiveCfg = Release|Any CPU
		{FC842DD0-6736-46A5-8D00-28CAFD33312F}.Release|Any CPU.Build.0 = Release|Any CPU
		{FC842DD0-6736-46A5-8D00-28CAFD33312F}.Release|x86.ActiveCfg = Release|x86
		{FC842DD0-6736-46A5-8D00-28CAFD33312F}.Release|x86.Build.0 = Release|x86
	EndGlobalSection
	GlobalSection(SolutionProperties) = preSolution
		HideSolutionNode = FALSE
	EndGlobalSection
EndGlobal
