
Microsoft Visual Studio Solution File, Format Version 10.00
# Visual Studio 2008
Project("{FAE04EC0-301F-11D3-BF4B-00C04F79EFBC}") = "WindowsFormsAero", "WindowsFormsAero\WindowsFormsAero.csproj", "{F63A0939-5ADD-4931-8066-6901B5FBEF67}"
EndProject
Project("{FAE04EC0-301F-11D3-BF4B-00C04F79EFBC}") = "WindowsFormsAero.Design", "WindowsFormsAeroDesign\WindowsFormsAero.Design.csproj", "{E55411BE-D60D-4975-817B-D9447CE551EB}"
EndProject
Project("{2150E333-8FDC-42A3-9474-1A3956D46DE8}") = "Solution Items", "Solution Items", "{4A25F61D-1C39-4150-A052-FA7142F9A567}"
	ProjectSection(SolutionItems) = preProject
		AssemblyInfo.Shared.cs = AssemblyInfo.Shared.cs
		Credits.txt = Credits.txt
		PrivateKey.snk = PrivateKey.snk
	EndProjectSection
EndProject
Global
	GlobalSection(TeamFoundationVersionControl) = preSolution
		SccNumberOfProjects = 3
		SccEnterpriseProvider = {4CA58AB2-18FA-4F8D-95D4-32DDF27D184C}
		SccTeamFoundationServer = https://tfs02.codeplex.com/
		SccLocalPath0 = .
		SccProjectUniqueName1 = WindowsFormsAero\\WindowsFormsAero.csproj
		SccProjectName1 = WindowsFormsAero
		SccLocalPath1 = WindowsFormsAero
		SccProjectUniqueName2 = WindowsFormsAeroDesign\\WindowsFormsAero.Design.csproj
		SccProjectName2 = WindowsFormsAeroDesign
		SccLocalPath2 = WindowsFormsAeroDesign
	EndGlobalSection
	GlobalSection(SolutionConfigurationPlatforms) = preSolution
		Debug|Any CPU = Debug|Any CPU
		Release|Any CPU = Release|Any CPU
	EndGlobalSection
	GlobalSection(ProjectConfigurationPlatforms) = postSolution
		{F63A0939-5ADD-4931-8066-6901B5FBEF67}.Debug|Any CPU.ActiveCfg = Debug|Any CPU
		{F63A0939-5ADD-4931-8066-6901B5FBEF67}.Debug|Any CPU.Build.0 = Debug|Any CPU
		{F63A0939-5ADD-4931-8066-6901B5FBEF67}.Release|Any CPU.ActiveCfg = Release|Any CPU
		{F63A0939-5ADD-4931-8066-6901B5FBEF67}.Release|Any CPU.Build.0 = Release|Any CPU
		{E55411BE-D60D-4975-817B-D9447CE551EB}.Debug|Any CPU.ActiveCfg = Debug|Any CPU
		{E55411BE-D60D-4975-817B-D9447CE551EB}.Debug|Any CPU.Build.0 = Debug|Any CPU
		{E55411BE-D60D-4975-817B-D9447CE551EB}.Release|Any CPU.ActiveCfg = Release|Any CPU
		{E55411BE-D60D-4975-817B-D9447CE551EB}.Release|Any CPU.Build.0 = Release|Any CPU
	EndGlobalSection
	GlobalSection(SolutionProperties) = preSolution
		HideSolutionNode = FALSE
	EndGlobalSection
EndGlobal
