
Microsoft Visual Studio Solution File, Format Version 12.00
# Visual Studio 15
VisualStudioVersion = 15.0.26430.6
MinimumVisualStudioVersion = 10.0.40219.1
Project("{FAE04EC0-301F-11D3-BF4B-00C04F79EFBC}") = "WindowsFormsAero", "WindowsFormsAero\WindowsFormsAero.csproj", "{844F1DE5-17EA-4E69-A7C5-B803AD3BD5D9}"
EndProject
Project("{FAE04EC0-301F-11D3-BF4B-00C04F79EFBC}") = "WindowsFormsAeroShowcase", "WindowsFormsAeroShowcase\WindowsFormsAeroShowcase.csproj", "{FC842DD0-6736-46A5-8D00-28CAFD33312F}"
EndProject
Global
	GlobalSection(SolutionConfigurationPlatforms) = preSolution
		Debug|Any CPU = Debug|Any CPU
		Release-NET20|Any CPU = Release-NET20|Any CPU
		Release-NET40|Any CPU = Release-NET40|Any CPU
		Release-NET461|Any CPU = Release-NET461|Any CPU
	EndGlobalSection
	GlobalSection(ProjectConfigurationPlatforms) = postSolution
		{844F1DE5-17EA-4E69-A7C5-B803AD3BD5D9}.Debug|Any CPU.ActiveCfg = Debug|Any CPU
		{844F1DE5-17EA-4E69-A7C5-B803AD3BD5D9}.Debug|Any CPU.Build.0 = Debug|Any CPU
		{844F1DE5-17EA-4E69-A7C5-B803AD3BD5D9}.Release-NET20|Any CPU.ActiveCfg = Release-NET20|Any CPU
		{844F1DE5-17EA-4E69-A7C5-B803AD3BD5D9}.Release-NET20|Any CPU.Build.0 = Release-NET20|Any CPU
		{844F1DE5-17EA-4E69-A7C5-B803AD3BD5D9}.Release-NET40|Any CPU.ActiveCfg = Release-NET40|Any CPU
		{844F1DE5-17EA-4E69-A7C5-B803AD3BD5D9}.Release-NET40|Any CPU.Build.0 = Release-NET40|Any CPU
		{844F1DE5-17EA-4E69-A7C5-B803AD3BD5D9}.Release-NET461|Any CPU.ActiveCfg = Release|Any CPU
		{844F1DE5-17EA-4E69-A7C5-B803AD3BD5D9}.Release-NET461|Any CPU.Build.0 = Release|Any CPU
		{FC842DD0-6736-46A5-8D00-28CAFD33312F}.Debug|Any CPU.ActiveCfg = Debug|Any CPU
		{FC842DD0-6736-46A5-8D00-28CAFD33312F}.Debug|Any CPU.Build.0 = Debug|Any CPU
		{FC842DD0-6736-46A5-8D00-28CAFD33312F}.Release-NET20|Any CPU.ActiveCfg = Release|Any CPU
		{FC842DD0-6736-46A5-8D00-28CAFD33312F}.Release-NET20|Any CPU.Build.0 = Release|Any CPU
		{FC842DD0-6736-46A5-8D00-28CAFD33312F}.Release-NET40|Any CPU.ActiveCfg = Release|Any CPU
		{FC842DD0-6736-46A5-8D00-28CAFD33312F}.Release-NET40|Any CPU.Build.0 = Release|Any CPU
		{FC842DD0-6736-46A5-8D00-28CAFD33312F}.Release-NET461|Any CPU.ActiveCfg = Release|Any CPU
		{FC842DD0-6736-46A5-8D00-28CAFD33312F}.Release-NET461|Any CPU.Build.0 = Release|Any CPU
	EndGlobalSection
	GlobalSection(SolutionProperties) = preSolution
		HideSolutionNode = FALSE
	EndGlobalSection
EndGlobal
